{
	"name": "@vue/eslint-config-typescript",
	"version": "3.0.0",
	"lockfileVersion": 1,
	"requires": true,
	"dependencies": {
		"eslint-plugin-typescript": {
			"version": "0.12.0",
			"resolved": "https://registry.npmjs.org/eslint-plugin-typescript/-/eslint-plugin-typescript-0.12.0.tgz",
			"integrity": "sha512-2+DNE8nTvdNkhem/FBJXLPSeMDOZL68vHHNfTbM+PBc5iAuwBe8xLSQubwKxABqSZDwUHg+mwGmv5c2NlImi0Q==",
			"requires": {
				"requireindex": "1.1.0"
			}
		},
		"lodash.unescape": {
			"version": "4.0.1",
			"resolved": "https://registry.npmjs.org/lodash.unescape/-/lodash.unescape-4.0.1.tgz",
			"integrity": "sha1-vyJJiGzlFM2hEvrpIYzcBlIR/Jw="
		},
		"requireindex": {
			"version": "1.1.0",
			"resolved": "https://registry.npmjs.org/requireindex/-/requireindex-1.1.0.tgz",
			"integrity": "sha1-5UBLgVV+91225JxacgBIk/4D4WI="
		},
		"semver": {
			"version": "5.5.0",
			"resolved": "https://registry.npmjs.org/semver/-/semver-5.5.0.tgz",
			"integrity": "sha512-4SJ3dm0WAwWy/NVeioZh5AntkdJoWKxHxcmyP622fOkgHa4z3R0TdBJICINyaSDE6uNwVc8gZr+ZinwZAH4xIA=="
		},
		"typescript-eslint-parser": {
			"version": "18.0.0",
			"resolved": "https://registry.npmjs.org/typescript-eslint-parser/-/typescript-eslint-parser-18.0.0.tgz",
			"integrity": "sha512-Pn/A/Cw9ysiXSX5U1xjBmPQlxtWGV2o7jDNiH/u7KgBO2yC/y37wNFl2ogSrGZBQFuglLzGq0Xl0Bt31Jv44oA==",
			"requires": {
				"lodash.unescape": "4.0.1",
				"semver": "5.5.0"
			}
		}
	}
}
